
Microsoft Visual Studio Solution File, Format Version 12.00
# Visual Studio 15
Project("{FAE04EC0-301F-11D3-BF4B-00C04F79EFBC}") = "Assembly-CSharp-Editor", "Assembly-CSharp-Editor.csproj", "{2D94D927-2BD4-61AB-DC06-55ECC3B70681}"
EndProject
Project("{FAE04EC0-301F-11D3-BF4B-00C04F79EFBC}") = "Assembly-CSharp", "Assembly-CSharp.csproj", "{32DFDC78-235E-0D30-B652-20DD3F3600E4}"
EndProject
Global
	GlobalSection(SolutionConfigurationPlatforms) = preSolution
		Debug|Any CPU = Debug|Any CPU
		Release|Any CPU = Release|Any CPU
	EndGlobalSection
	GlobalSection(ProjectConfigurationPlatforms) = postSolution
		{2D94D927-2BD4-61AB-DC06-55ECC3B70681}.Debug|Any CPU.ActiveCfg = Debug|Any CPU
		{2D94D927-2BD4-61AB-DC06-55ECC3B70681}.Debug|Any CPU.Build.0 = Debug|Any CPU
		{2D94D927-2BD4-61AB-DC06-55ECC3B70681}.Release|Any CPU.ActiveCfg = Release|Any CPU
		{2D94D927-2BD4-61AB-DC06-55ECC3B70681}.Release|Any CPU.Build.0 = Release|Any CPU
		{32DFDC78-235E-0D30-B652-20DD3F3600E4}.Debug|Any CPU.ActiveCfg = Debug|Any CPU
		{32DFDC78-235E-0D30-B652-20DD3F3600E4}.Debug|Any CPU.Build.0 = Debug|Any CPU
		{32DFDC78-235E-0D30-B652-20DD3F3600E4}.Release|Any CPU.ActiveCfg = Release|Any CPU
		{32DFDC78-235E-0D30-B652-20DD3F3600E4}.Release|Any CPU.Build.0 = Release|Any CPU
	EndGlobalSection
	GlobalSection(SolutionProperties) = preSolution
		HideSolutionNode = FALSE
	EndGlobalSection
EndGlobal
